
Microsoft Visual Studio Solution File, Format Version 12.00
# Visual Studio Version 17
VisualStudioVersion = 17.11.35327.3
MinimumVisualStudioVersion = 10.0.40219.1
Project("{FAE04EC0-301F-11D3-BF4B-00C04F79EFBC}") = "Class Çalışması", "Class Çalışması\Class Çalışması.csproj", "{65070D4B-C3BD-485B-A871-13D86ECECB37}"
EndProject
Global
	GlobalSection(SolutionConfigurationPlatforms) = preSolution
		Debug|Any CPU = Debug|Any CPU
		Release|Any CPU = Release|Any CPU
	EndGlobalSection
	GlobalSection(ProjectConfigurationPlatforms) = postSolution
		{65070D4B-C3BD-485B-A871-13D86ECECB37}.Debug|Any CPU.ActiveCfg = Debug|Any CPU
		{65070D4B-C3BD-485B-A871-13D86ECECB37}.Debug|Any CPU.Build.0 = Debug|Any CPU
		{65070D4B-C3BD-485B-A871-13D86ECECB37}.Release|Any CPU.ActiveCfg = Release|Any CPU
		{65070D4B-C3BD-485B-A871-13D86ECECB37}.Release|Any CPU.Build.0 = Release|Any CPU
	EndGlobalSection
	GlobalSection(SolutionProperties) = preSolution
		HideSolutionNode = FALSE
	EndGlobalSection
	GlobalSection(ExtensibilityGlobals) = postSolution
		SolutionGuid = {E14B8AF1-CF6D-44B6-8E22-B34436C891D1}
	EndGlobalSection
EndGlobal
